
Microsoft Visual Studio Solution File, Format Version 12.00
# Visual Studio Version 17
VisualStudioVersion = 17.0.31903.59
MinimumVisualStudioVersion = 10.0.40219.1
Project("{2150E333-8FDC-42A3-9474-1A3956D46DE8}") = "src", "src", "{827E0CD3-B72D-47B6-A68D-7590B98EB39B}"
EndProject
Project("{2150E333-8FDC-42A3-9474-1A3956D46DE8}") = "WebApi", "WebApi", "{953D89DF-FDD2-4C1A-6A43-6326114B13B5}"
EndProject
Project("{FAE04EC0-301F-11D3-BF4B-00C04F79EFBC}") = "Arturfie.WebApi", "src\WebApi\Arturfie.WebApi.csproj", "{47A30F05-33A0-4727-B820-880C2EA62668}"
EndProject
Project("{2150E333-8FDC-42A3-9474-1A3956D46DE8}") = "Application", "Application", "{22BAF98C-8415-17C4-B26A-D537657BC863}"
EndProject
Project("{FAE04EC0-301F-11D3-BF4B-00C04F79EFBC}") = "Arturfie.Application", "src\Application\Arturfie.Application.csproj", "{CD96B167-A56A-4CBE-8324-77F809F95B40}"
EndProject
Project("{2150E333-8FDC-42A3-9474-1A3956D46DE8}") = "Infrastructure", "Infrastructure", "{9048EB7F-3875-A59E-E36B-5BD4C6F2A282}"
EndProject
Project("{FAE04EC0-301F-11D3-BF4B-00C04F79EFBC}") = "Arturfie.Infrastructure", "src\Infrastructure\Arturfie.Infrastructure.csproj", "{FF0BBAA2-CAF5-44DB-8A04-FFCD2A384F5E}"
EndProject
Project("{2150E333-8FDC-42A3-9474-1A3956D46DE8}") = "tests", "tests", "{0AB3BF05-4346-4AA6-1389-037BE0695223}"
EndProject
Project("{2150E333-8FDC-42A3-9474-1A3956D46DE8}") = "Application.FunctionalTests", "Application.FunctionalTests", "{CFB35AA8-FDB8-705D-2EAE-6618A336344F}"
EndProject
Project("{FAE04EC0-301F-11D3-BF4B-00C04F79EFBC}") = "Arturfie.Application.FunctionalTests", "tests\Application.FunctionalTests\Arturfie.Application.FunctionalTests.csproj", "{9FA37898-C5CE-4F34-ADE3-2BCEFD881643}"
EndProject
Project("{2150E333-8FDC-42A3-9474-1A3956D46DE8}") = "Application.UnitTests", "Application.UnitTests", "{B7A67187-1738-495E-17CB-A690C572E7D4}"
EndProject
Project("{FAE04EC0-301F-11D3-BF4B-00C04F79EFBC}") = "Arturfie.Application.UnitTests", "tests\Application.UnitTests\Arturfie.Application.UnitTests.csproj", "{317849FB-144E-416B-9588-83A942F39D9D}"
EndProject
Global
	GlobalSection(SolutionConfigurationPlatforms) = preSolution
		Debug|Any CPU = Debug|Any CPU
		Debug|x64 = Debug|x64
		Debug|x86 = Debug|x86
		Release|Any CPU = Release|Any CPU
		Release|x64 = Release|x64
		Release|x86 = Release|x86
	EndGlobalSection
	GlobalSection(ProjectConfigurationPlatforms) = postSolution
		{47A30F05-33A0-4727-B820-880C2EA62668}.Debug|Any CPU.ActiveCfg = Debug|Any CPU
		{47A30F05-33A0-4727-B820-880C2EA62668}.Debug|Any CPU.Build.0 = Debug|Any CPU
		{47A30F05-33A0-4727-B820-880C2EA62668}.Debug|x64.ActiveCfg = Debug|Any CPU
		{47A30F05-33A0-4727-B820-880C2EA62668}.Debug|x64.Build.0 = Debug|Any CPU
		{47A30F05-33A0-4727-B820-880C2EA62668}.Debug|x86.ActiveCfg = Debug|Any CPU
		{47A30F05-33A0-4727-B820-880C2EA62668}.Debug|x86.Build.0 = Debug|Any CPU
		{47A30F05-33A0-4727-B820-880C2EA62668}.Release|Any CPU.ActiveCfg = Release|Any CPU
		{47A30F05-33A0-4727-B820-880C2EA62668}.Release|Any CPU.Build.0 = Release|Any CPU
		{47A30F05-33A0-4727-B820-880C2EA62668}.Release|x64.ActiveCfg = Release|Any CPU
		{47A30F05-33A0-4727-B820-880C2EA62668}.Release|x64.Build.0 = Release|Any CPU
		{47A30F05-33A0-4727-B820-880C2EA62668}.Release|x86.ActiveCfg = Release|Any CPU
		{47A30F05-33A0-4727-B820-880C2EA62668}.Release|x86.Build.0 = Release|Any CPU
		{CD96B167-A56A-4CBE-8324-77F809F95B40}.Debug|Any CPU.ActiveCfg = Debug|Any CPU
		{CD96B167-A56A-4CBE-8324-77F809F95B40}.Debug|Any CPU.Build.0 = Debug|Any CPU
		{CD96B167-A56A-4CBE-8324-77F809F95B40}.Debug|x64.ActiveCfg = Debug|Any CPU
		{CD96B167-A56A-4CBE-8324-77F809F95B40}.Debug|x64.Build.0 = Debug|Any CPU
		{CD96B167-A56A-4CBE-8324-77F809F95B40}.Debug|x86.ActiveCfg = Debug|Any CPU
		{CD96B167-A56A-4CBE-8324-77F809F95B40}.Debug|x86.Build.0 = Debug|Any CPU
		{CD96B167-A56A-4CBE-8324-77F809F95B40}.Release|Any CPU.ActiveCfg = Release|Any CPU
		{CD96B167-A56A-4CBE-8324-77F809F95B40}.Release|Any CPU.Build.0 = Release|Any CPU
		{CD96B167-A56A-4CBE-8324-77F809F95B40}.Release|x64.ActiveCfg = Release|Any CPU
		{CD96B167-A56A-4CBE-8324-77F809F95B40}.Release|x64.Build.0 = Release|Any CPU
		{CD96B167-A56A-4CBE-8324-77F809F95B40}.Release|x86.ActiveCfg = Release|Any CPU
		{CD96B167-A56A-4CBE-8324-77F809F95B40}.Release|x86.Build.0 = Release|Any CPU
		{FF0BBAA2-CAF5-44DB-8A04-FFCD2A384F5E}.Debug|Any CPU.ActiveCfg = Debug|Any CPU
		{FF0BBAA2-CAF5-44DB-8A04-FFCD2A384F5E}.Debug|Any CPU.Build.0 = Debug|Any CPU
		{FF0BBAA2-CAF5-44DB-8A04-FFCD2A384F5E}.Debug|x64.ActiveCfg = Debug|Any CPU
		{FF0BBAA2-CAF5-44DB-8A04-FFCD2A384F5E}.Debug|x64.Build.0 = Debug|Any CPU
		{FF0BBAA2-CAF5-44DB-8A04-FFCD2A384F5E}.Debug|x86.ActiveCfg = Debug|Any CPU
		{FF0BBAA2-CAF5-44DB-8A04-FFCD2A384F5E}.Debug|x86.Build.0 = Debug|Any CPU
		{FF0BBAA2-CAF5-44DB-8A04-FFCD2A384F5E}.Release|Any CPU.ActiveCfg = Release|Any CPU
		{FF0BBAA2-CAF5-44DB-8A04-FFCD2A384F5E}.Release|Any CPU.Build.0 = Release|Any CPU
		{FF0BBAA2-CAF5-44DB-8A04-FFCD2A384F5E}.Release|x64.ActiveCfg = Release|Any CPU
		{FF0BBAA2-CAF5-44DB-8A04-FFCD2A384F5E}.Release|x64.Build.0 = Release|Any CPU
		{FF0BBAA2-CAF5-44DB-8A04-FFCD2A384F5E}.Release|x86.ActiveCfg = Release|Any CPU
		{FF0BBAA2-CAF5-44DB-8A04-FFCD2A384F5E}.Release|x86.Build.0 = Release|Any CPU
		{9FA37898-C5CE-4F34-ADE3-2BCEFD881643}.Debug|Any CPU.ActiveCfg = Debug|Any CPU
		{9FA37898-C5CE-4F34-ADE3-2BCEFD881643}.Debug|Any CPU.Build.0 = Debug|Any CPU
		{9FA37898-C5CE-4F34-ADE3-2BCEFD881643}.Debug|x64.ActiveCfg = Debug|Any CPU
		{9FA37898-C5CE-4F34-ADE3-2BCEFD881643}.Debug|x64.Build.0 = Debug|Any CPU
		{9FA37898-C5CE-4F34-ADE3-2BCEFD881643}.Debug|x86.ActiveCfg = Debug|Any CPU
		{9FA37898-C5CE-4F34-ADE3-2BCEFD881643}.Debug|x86.Build.0 = Debug|Any CPU
		{9FA37898-C5CE-4F34-ADE3-2BCEFD881643}.Release|Any CPU.ActiveCfg = Release|Any CPU
		{9FA37898-C5CE-4F34-ADE3-2BCEFD881643}.Release|Any CPU.Build.0 = Release|Any CPU
		{9FA37898-C5CE-4F34-ADE3-2BCEFD881643}.Release|x64.ActiveCfg = Release|Any CPU
		{9FA37898-C5CE-4F34-ADE3-2BCEFD881643}.Release|x64.Build.0 = Release|Any CPU
		{9FA37898-C5CE-4F34-ADE3-2BCEFD881643}.Release|x86.ActiveCfg = Release|Any CPU
		{9FA37898-C5CE-4F34-ADE3-2BCEFD881643}.Release|x86.Build.0 = Release|Any CPU
		{317849FB-144E-416B-9588-83A942F39D9D}.Debug|Any CPU.ActiveCfg = Debug|Any CPU
		{317849FB-144E-416B-9588-83A942F39D9D}.Debug|Any CPU.Build.0 = Debug|Any CPU
		{317849FB-144E-416B-9588-83A942F39D9D}.Debug|x64.ActiveCfg = Debug|Any CPU
		{317849FB-144E-416B-9588-83A942F39D9D}.Debug|x64.Build.0 = Debug|Any CPU
		{317849FB-144E-416B-9588-83A942F39D9D}.Debug|x86.ActiveCfg = Debug|Any CPU
		{317849FB-144E-416B-9588-83A942F39D9D}.Debug|x86.Build.0 = Debug|Any CPU
		{317849FB-144E-416B-9588-83A942F39D9D}.Release|Any CPU.ActiveCfg = Release|Any CPU
		{317849FB-144E-416B-9588-83A942F39D9D}.Release|Any CPU.Build.0 = Release|Any CPU
		{317849FB-144E-416B-9588-83A942F39D9D}.Release|x64.ActiveCfg = Release|Any CPU
		{317849FB-144E-416B-9588-83A942F39D9D}.Release|x64.Build.0 = Release|Any CPU
		{317849FB-144E-416B-9588-83A942F39D9D}.Release|x86.ActiveCfg = Release|Any CPU
		{317849FB-144E-416B-9588-83A942F39D9D}.Release|x86.Build.0 = Release|Any CPU
	EndGlobalSection
	GlobalSection(SolutionProperties) = preSolution
		HideSolutionNode = FALSE
	EndGlobalSection
	GlobalSection(NestedProjects) = preSolution
		{953D89DF-FDD2-4C1A-6A43-6326114B13B5} = {827E0CD3-B72D-47B6-A68D-7590B98EB39B}
		{47A30F05-33A0-4727-B820-880C2EA62668} = {953D89DF-FDD2-4C1A-6A43-6326114B13B5}
		{22BAF98C-8415-17C4-B26A-D537657BC863} = {827E0CD3-B72D-47B6-A68D-7590B98EB39B}
		{CD96B167-A56A-4CBE-8324-77F809F95B40} = {22BAF98C-8415-17C4-B26A-D537657BC863}
		{9048EB7F-3875-A59E-E36B-5BD4C6F2A282} = {827E0CD3-B72D-47B6-A68D-7590B98EB39B}
		{FF0BBAA2-CAF5-44DB-8A04-FFCD2A384F5E} = {9048EB7F-3875-A59E-E36B-5BD4C6F2A282}
		{CFB35AA8-FDB8-705D-2EAE-6618A336344F} = {0AB3BF05-4346-4AA6-1389-037BE0695223}
		{9FA37898-C5CE-4F34-ADE3-2BCEFD881643} = {CFB35AA8-FDB8-705D-2EAE-6618A336344F}
		{B7A67187-1738-495E-17CB-A690C572E7D4} = {0AB3BF05-4346-4AA6-1389-037BE0695223}
		{317849FB-144E-416B-9588-83A942F39D9D} = {B7A67187-1738-495E-17CB-A690C572E7D4}
	EndGlobalSection
EndGlobal
